
Microsoft Visual Studio Solution File, Format Version 12.00
# Visual Studio Version 17
VisualStudioVersion = 17.8.34316.72
MinimumVisualStudioVersion = 10.0.40219.1
Project("{888888A0-9F3D-457C-B088-3A5042F75D52}") = "Rectangle", "Rectangle.pyproj", "{B4CE615B-6522-42BE-A431-5A6DF8B3E62D}"
EndProject
Global
	GlobalSection(SolutionConfigurationPlatforms) = preSolution
		Debug|Any CPU = Debug|Any CPU
		Release|Any CPU = Release|Any CPU
	EndGlobalSection
	GlobalSection(ProjectConfigurationPlatforms) = postSolution
		{B4CE615B-6522-42BE-A431-5A6DF8B3E62D}.Debug|Any CPU.ActiveCfg = Debug|Any CPU
		{B4CE615B-6522-42BE-A431-5A6DF8B3E62D}.Release|Any CPU.ActiveCfg = Release|Any CPU
	EndGlobalSection
	GlobalSection(SolutionProperties) = preSolution
		HideSolutionNode = FALSE
	EndGlobalSection
	GlobalSection(ExtensibilityGlobals) = postSolution
		SolutionGuid = {B155FA95-BF2E-447B-931E-A621608B0132}
	EndGlobalSection
EndGlobal
