
Microsoft Visual Studio Solution File, Format Version 12.00
# Visual Studio Version 17
VisualStudioVersion = 17.9.34616.47
MinimumVisualStudioVersion = 10.0.40219.1
Project("{FAE04EC0-301F-11D3-BF4B-00C04F79EFBC}") = "SupervisorsDashboard", "SupervisorsDashboard.csproj", "{238FCA0C-48EC-4E48-A081-E62785B44B00}"
EndProject
Global
	GlobalSection(SolutionConfigurationPlatforms) = preSolution
		Debug|Any CPU = Debug|Any CPU
		Release|Any CPU = Release|Any CPU
	EndGlobalSection
	GlobalSection(ProjectConfigurationPlatforms) = postSolution
		{238FCA0C-48EC-4E48-A081-E62785B44B00}.Debug|Any CPU.ActiveCfg = Debug|Any CPU
		{238FCA0C-48EC-4E48-A081-E62785B44B00}.Debug|Any CPU.Build.0 = Debug|Any CPU
		{238FCA0C-48EC-4E48-A081-E62785B44B00}.Release|Any CPU.ActiveCfg = Release|Any CPU
		{238FCA0C-48EC-4E48-A081-E62785B44B00}.Release|Any CPU.Build.0 = Release|Any CPU
	EndGlobalSection
	GlobalSection(SolutionProperties) = preSolution
		HideSolutionNode = FALSE
	EndGlobalSection
	GlobalSection(ExtensibilityGlobals) = postSolution
		SolutionGuid = {1DA8CA5D-933F-40F9-8EF4-A2E28DB84B64}
	EndGlobalSection
EndGlobal
